
Microsoft Visual Studio Solution File, Format Version 12.00
# Visual Studio 2013
VisualStudioVersion = 12.0.30110.0
MinimumVisualStudioVersion = 10.0.40219.1
Project("{FAE04EC0-301F-11D3-BF4B-00C04F79EFBC}") = "Superscribe", "Superscribe\Superscribe.csproj", "{0882D762-CA4D-48A5-956E-2121DECE000E}"
EndProject
Project("{2150E333-8FDC-42A3-9474-1A3956D46DE8}") = "Testing", "Testing", "{CFBFB689-2965-4344-BE13-F73C3466E9C2}"
EndProject
Project("{2150E333-8FDC-42A3-9474-1A3956D46DE8}") = "Demo", "Demo", "{F747D0F2-F10C-41C3-8DDB-F913BE39943B}"
EndProject
Project("{FAE04EC0-301F-11D3-BF4B-00C04F79EFBC}") = "Superscribe.Owin", "Superscribe.Owin\Superscribe.Owin.csproj", "{D3C05E1D-4C04-4942-A14F-BE6C8D39A8EF}"
EndProject
Project("{FAE04EC0-301F-11D3-BF4B-00C04F79EFBC}") = "Superscribe.Demo.Nancy", "Superscribe.Demo.Nancy\Superscribe.Demo.Nancy.csproj", "{18B29B17-C2E7-49DE-825A-C6747A78F5BD}"
EndProject
Project("{FAE04EC0-301F-11D3-BF4B-00C04F79EFBC}") = "Superscribe.Demo.Neural", "Superscribe.Demo.Neural\Superscribe.Demo.Neural.csproj", "{130766CC-E8EB-44CB-A2AA-E7C2E9FFBD14}"
EndProject
Project("{FAE04EC0-301F-11D3-BF4B-00C04F79EFBC}") = "Superscribe.Demo.Owin", "Superscribe.Demo.Owin\Superscribe.Demo.Owin.csproj", "{A5B71A2E-4B94-4847-A882-AF45115E9DA7}"
EndProject
Project("{2150E333-8FDC-42A3-9474-1A3956D46DE8}") = ".nuget", ".nuget", "{E5858B7A-A7C7-42E8-98B0-CF2E353EB1A6}"
	ProjectSection(SolutionItems) = preProject
		.nuget\NuGet.Config = .nuget\NuGet.Config
		.nuget\NuGet.exe = .nuget\NuGet.exe
		.nuget\NuGet.targets = .nuget\NuGet.targets
	EndProjectSection
EndProject
Project("{FAE04EC0-301F-11D3-BF4B-00C04F79EFBC}") = "Superscribe.Tests.Unit", "Superscribe.Tests.Unit\Superscribe.Tests.Unit.csproj", "{64CF0BA2-55F6-48BB-82E0-B17A6FBC5D94}"
EndProject
Project("{FAE04EC0-301F-11D3-BF4B-00C04F79EFBC}") = "Superscribe.Demo.WebApiModules", "Superscribe.Demo.WebApiModules\Superscribe.Demo.WebApiModules.csproj", "{68A4BE78-D3EA-4B7F-9B6A-DA0024E07A2A}"
EndProject
Project("{FAE04EC0-301F-11D3-BF4B-00C04F79EFBC}") = "Superscribe.Tests.Owin", "Superscribe.Tests.Owin\Superscribe.Tests.Owin.csproj", "{06715363-C4AA-4C5D-89D4-925B1D381FF5}"
EndProject
Project("{FAE04EC0-301F-11D3-BF4B-00C04F79EFBC}") = "Superscribe.WebAPI2", "Superscribe.WebAPI\Superscribe.WebAPI2.csproj", "{2295D548-7A8F-4EC0-8FAB-2CAC81763AAD}"
EndProject
Project("{FAE04EC0-301F-11D3-BF4B-00C04F79EFBC}") = "Superscribe.Tests.WebApi2", "Superscribe.Tests.WebApi\Superscribe.Tests.WebApi2.csproj", "{C57AA546-3EDD-4DD8-A4B8-375FB4470F33}"
EndProject
Project("{FAE04EC0-301F-11D3-BF4B-00C04F79EFBC}") = "Superscribe.Tests.OwinFrameworkHandoff", "Superscribe.Tests.OwinFrameworkHandoff\Superscribe.Tests.OwinFrameworkHandoff.csproj", "{801371A7-B8DD-4CF8-AF99-DA24051FA40C}"
EndProject
Project("{FAE04EC0-301F-11D3-BF4B-00C04F79EFBC}") = "Superscribe.Demo.OData", "Superscribe.Demo.OData\Superscribe.Demo.OData.csproj", "{8623FB2A-9EE8-442C-B301-A904776A8994}"
EndProject
Project("{FAE04EC0-301F-11D3-BF4B-00C04F79EFBC}") = "Superscribe.ScriptCS", "Superscribe.ScriptCS\Superscribe.ScriptCS.csproj", "{EA43D965-430C-41AE-B349-ADD736EF2F3D}"
EndProject
Project("{FAE04EC0-301F-11D3-BF4B-00C04F79EFBC}") = "Superscribe.Demo.WebApi.Owin", "Superscribe.Demo.WebApi.Owin\Superscribe.Demo.WebApi.Owin.csproj", "{BA283F9F-95FA-4E44-8F06-7567BD0300FD}"
EndProject
Project("{FAE04EC0-301F-11D3-BF4B-00C04F79EFBC}") = "Superscribe.WebApi.Owin", "Superscribe.WebApi.Owin\Superscribe.WebApi.Owin.csproj", "{E3A6E683-6D12-40A8-BB8E-A9B45789B791}"
EndProject
Global
	GlobalSection(SolutionConfigurationPlatforms) = preSolution
		Debug|Any CPU = Debug|Any CPU
		Release|Any CPU = Release|Any CPU
	EndGlobalSection
	GlobalSection(ProjectConfigurationPlatforms) = postSolution
		{0882D762-CA4D-48A5-956E-2121DECE000E}.Debug|Any CPU.ActiveCfg = Debug|Any CPU
		{0882D762-CA4D-48A5-956E-2121DECE000E}.Debug|Any CPU.Build.0 = Debug|Any CPU
		{0882D762-CA4D-48A5-956E-2121DECE000E}.Release|Any CPU.ActiveCfg = Release|Any CPU
		{0882D762-CA4D-48A5-956E-2121DECE000E}.Release|Any CPU.Build.0 = Release|Any CPU
		{D3C05E1D-4C04-4942-A14F-BE6C8D39A8EF}.Debug|Any CPU.ActiveCfg = Debug|Any CPU
		{D3C05E1D-4C04-4942-A14F-BE6C8D39A8EF}.Debug|Any CPU.Build.0 = Debug|Any CPU
		{D3C05E1D-4C04-4942-A14F-BE6C8D39A8EF}.Release|Any CPU.ActiveCfg = Release|Any CPU
		{D3C05E1D-4C04-4942-A14F-BE6C8D39A8EF}.Release|Any CPU.Build.0 = Release|Any CPU
		{18B29B17-C2E7-49DE-825A-C6747A78F5BD}.Debug|Any CPU.ActiveCfg = Debug|Any CPU
		{18B29B17-C2E7-49DE-825A-C6747A78F5BD}.Debug|Any CPU.Build.0 = Debug|Any CPU
		{18B29B17-C2E7-49DE-825A-C6747A78F5BD}.Release|Any CPU.ActiveCfg = Release|Any CPU
		{18B29B17-C2E7-49DE-825A-C6747A78F5BD}.Release|Any CPU.Build.0 = Release|Any CPU
		{130766CC-E8EB-44CB-A2AA-E7C2E9FFBD14}.Debug|Any CPU.ActiveCfg = Debug|Any CPU
		{130766CC-E8EB-44CB-A2AA-E7C2E9FFBD14}.Debug|Any CPU.Build.0 = Debug|Any CPU
		{130766CC-E8EB-44CB-A2AA-E7C2E9FFBD14}.Release|Any CPU.ActiveCfg = Release|Any CPU
		{130766CC-E8EB-44CB-A2AA-E7C2E9FFBD14}.Release|Any CPU.Build.0 = Release|Any CPU
		{A5B71A2E-4B94-4847-A882-AF45115E9DA7}.Debug|Any CPU.ActiveCfg = Debug|Any CPU
		{A5B71A2E-4B94-4847-A882-AF45115E9DA7}.Debug|Any CPU.Build.0 = Debug|Any CPU
		{A5B71A2E-4B94-4847-A882-AF45115E9DA7}.Release|Any CPU.ActiveCfg = Release|Any CPU
		{A5B71A2E-4B94-4847-A882-AF45115E9DA7}.Release|Any CPU.Build.0 = Release|Any CPU
		{64CF0BA2-55F6-48BB-82E0-B17A6FBC5D94}.Debug|Any CPU.ActiveCfg = Debug|Any CPU
		{64CF0BA2-55F6-48BB-82E0-B17A6FBC5D94}.Debug|Any CPU.Build.0 = Debug|Any CPU
		{64CF0BA2-55F6-48BB-82E0-B17A6FBC5D94}.Release|Any CPU.ActiveCfg = Release|Any CPU
		{64CF0BA2-55F6-48BB-82E0-B17A6FBC5D94}.Release|Any CPU.Build.0 = Release|Any CPU
		{68A4BE78-D3EA-4B7F-9B6A-DA0024E07A2A}.Debug|Any CPU.ActiveCfg = Debug|Any CPU
		{68A4BE78-D3EA-4B7F-9B6A-DA0024E07A2A}.Debug|Any CPU.Build.0 = Debug|Any CPU
		{68A4BE78-D3EA-4B7F-9B6A-DA0024E07A2A}.Release|Any CPU.ActiveCfg = Release|Any CPU
		{68A4BE78-D3EA-4B7F-9B6A-DA0024E07A2A}.Release|Any CPU.Build.0 = Release|Any CPU
		{06715363-C4AA-4C5D-89D4-925B1D381FF5}.Debug|Any CPU.ActiveCfg = Debug|Any CPU
		{06715363-C4AA-4C5D-89D4-925B1D381FF5}.Debug|Any CPU.Build.0 = Debug|Any CPU
		{06715363-C4AA-4C5D-89D4-925B1D381FF5}.Release|Any CPU.ActiveCfg = Release|Any CPU
		{06715363-C4AA-4C5D-89D4-925B1D381FF5}.Release|Any CPU.Build.0 = Release|Any CPU
		{2295D548-7A8F-4EC0-8FAB-2CAC81763AAD}.Debug|Any CPU.ActiveCfg = Debug|Any CPU
		{2295D548-7A8F-4EC0-8FAB-2CAC81763AAD}.Debug|Any CPU.Build.0 = Debug|Any CPU
		{2295D548-7A8F-4EC0-8FAB-2CAC81763AAD}.Release|Any CPU.ActiveCfg = Release|Any CPU
		{2295D548-7A8F-4EC0-8FAB-2CAC81763AAD}.Release|Any CPU.Build.0 = Release|Any CPU
		{C57AA546-3EDD-4DD8-A4B8-375FB4470F33}.Debug|Any CPU.ActiveCfg = Debug|Any CPU
		{C57AA546-3EDD-4DD8-A4B8-375FB4470F33}.Debug|Any CPU.Build.0 = Debug|Any CPU
		{C57AA546-3EDD-4DD8-A4B8-375FB4470F33}.Release|Any CPU.ActiveCfg = Release|Any CPU
		{C57AA546-3EDD-4DD8-A4B8-375FB4470F33}.Release|Any CPU.Build.0 = Release|Any CPU
		{801371A7-B8DD-4CF8-AF99-DA24051FA40C}.Debug|Any CPU.ActiveCfg = Debug|Any CPU
		{801371A7-B8DD-4CF8-AF99-DA24051FA40C}.Debug|Any CPU.Build.0 = Debug|Any CPU
		{801371A7-B8DD-4CF8-AF99-DA24051FA40C}.Release|Any CPU.ActiveCfg = Release|Any CPU
		{801371A7-B8DD-4CF8-AF99-DA24051FA40C}.Release|Any CPU.Build.0 = Release|Any CPU
		{8623FB2A-9EE8-442C-B301-A904776A8994}.Debug|Any CPU.ActiveCfg = Debug|Any CPU
		{8623FB2A-9EE8-442C-B301-A904776A8994}.Debug|Any CPU.Build.0 = Debug|Any CPU
		{8623FB2A-9EE8-442C-B301-A904776A8994}.Release|Any CPU.ActiveCfg = Release|Any CPU
		{8623FB2A-9EE8-442C-B301-A904776A8994}.Release|Any CPU.Build.0 = Release|Any CPU
		{EA43D965-430C-41AE-B349-ADD736EF2F3D}.Debug|Any CPU.ActiveCfg = Debug|Any CPU
		{EA43D965-430C-41AE-B349-ADD736EF2F3D}.Debug|Any CPU.Build.0 = Debug|Any CPU
		{EA43D965-430C-41AE-B349-ADD736EF2F3D}.Release|Any CPU.ActiveCfg = Release|Any CPU
		{EA43D965-430C-41AE-B349-ADD736EF2F3D}.Release|Any CPU.Build.0 = Release|Any CPU
		{BA283F9F-95FA-4E44-8F06-7567BD0300FD}.Debug|Any CPU.ActiveCfg = Debug|Any CPU
		{BA283F9F-95FA-4E44-8F06-7567BD0300FD}.Debug|Any CPU.Build.0 = Debug|Any CPU
		{BA283F9F-95FA-4E44-8F06-7567BD0300FD}.Release|Any CPU.ActiveCfg = Release|Any CPU
		{BA283F9F-95FA-4E44-8F06-7567BD0300FD}.Release|Any CPU.Build.0 = Release|Any CPU
		{E3A6E683-6D12-40A8-BB8E-A9B45789B791}.Debug|Any CPU.ActiveCfg = Debug|Any CPU
		{E3A6E683-6D12-40A8-BB8E-A9B45789B791}.Debug|Any CPU.Build.0 = Debug|Any CPU
		{E3A6E683-6D12-40A8-BB8E-A9B45789B791}.Release|Any CPU.ActiveCfg = Release|Any CPU
		{E3A6E683-6D12-40A8-BB8E-A9B45789B791}.Release|Any CPU.Build.0 = Release|Any CPU
	EndGlobalSection
	GlobalSection(SolutionProperties) = preSolution
		HideSolutionNode = FALSE
	EndGlobalSection
	GlobalSection(NestedProjects) = preSolution
		{64CF0BA2-55F6-48BB-82E0-B17A6FBC5D94} = {CFBFB689-2965-4344-BE13-F73C3466E9C2}
		{06715363-C4AA-4C5D-89D4-925B1D381FF5} = {CFBFB689-2965-4344-BE13-F73C3466E9C2}
		{C57AA546-3EDD-4DD8-A4B8-375FB4470F33} = {CFBFB689-2965-4344-BE13-F73C3466E9C2}
		{801371A7-B8DD-4CF8-AF99-DA24051FA40C} = {CFBFB689-2965-4344-BE13-F73C3466E9C2}
		{18B29B17-C2E7-49DE-825A-C6747A78F5BD} = {F747D0F2-F10C-41C3-8DDB-F913BE39943B}
		{130766CC-E8EB-44CB-A2AA-E7C2E9FFBD14} = {F747D0F2-F10C-41C3-8DDB-F913BE39943B}
		{A5B71A2E-4B94-4847-A882-AF45115E9DA7} = {F747D0F2-F10C-41C3-8DDB-F913BE39943B}
		{68A4BE78-D3EA-4B7F-9B6A-DA0024E07A2A} = {F747D0F2-F10C-41C3-8DDB-F913BE39943B}
		{8623FB2A-9EE8-442C-B301-A904776A8994} = {F747D0F2-F10C-41C3-8DDB-F913BE39943B}
		{BA283F9F-95FA-4E44-8F06-7567BD0300FD} = {F747D0F2-F10C-41C3-8DDB-F913BE39943B}
	EndGlobalSection
EndGlobal
