
Microsoft Visual Studio Solution File, Format Version 12.00
# Visual Studio 14
VisualStudioVersion = 14.0.22609.0
MinimumVisualStudioVersion = 10.0.40219.1
Project("{2150E333-8FDC-42A3-9474-1A3956D46DE8}") = "Demo", "Demo", "{F747D0F2-F10C-41C3-8DDB-F913BE39943B}"
EndProject
Project("{2150E333-8FDC-42A3-9474-1A3956D46DE8}") = ".nuget", ".nuget", "{E5858B7A-A7C7-42E8-98B0-CF2E353EB1A6}"
	ProjectSection(SolutionItems) = preProject
		.nuget\NuGet.Config = .nuget\NuGet.Config
		.nuget\NuGet.exe = .nuget\NuGet.exe
		.nuget\NuGet.targets = .nuget\NuGet.targets
	EndProjectSection
EndProject
Project("{8BB2217D-0F2D-49D1-97BC-3654ED321F3B}") = "Superscribe", "Superscribe\Superscribe.kproj", "{F9E5C3F4-5D18-4DB0-BCA6-754C1551E59C}"
EndProject
Project("{8BB2217D-0F2D-49D1-97BC-3654ED321F3B}") = "Superscribe.Owin", "Superscribe.Owin\Superscribe.Owin.kproj", "{8EA8B3CB-6A20-4F32-A66A-D24450872E19}"
EndProject
Global
	GlobalSection(SolutionConfigurationPlatforms) = preSolution
		Debug|Any CPU = Debug|Any CPU
		Release|Any CPU = Release|Any CPU
	EndGlobalSection
	GlobalSection(ProjectConfigurationPlatforms) = postSolution
		{F9E5C3F4-5D18-4DB0-BCA6-754C1551E59C}.Debug|Any CPU.ActiveCfg = Debug|Any CPU
		{F9E5C3F4-5D18-4DB0-BCA6-754C1551E59C}.Debug|Any CPU.Build.0 = Debug|Any CPU
		{F9E5C3F4-5D18-4DB0-BCA6-754C1551E59C}.Release|Any CPU.ActiveCfg = Release|Any CPU
		{F9E5C3F4-5D18-4DB0-BCA6-754C1551E59C}.Release|Any CPU.Build.0 = Release|Any CPU
		{8EA8B3CB-6A20-4F32-A66A-D24450872E19}.Debug|Any CPU.ActiveCfg = Debug|Any CPU
		{8EA8B3CB-6A20-4F32-A66A-D24450872E19}.Debug|Any CPU.Build.0 = Debug|Any CPU
		{8EA8B3CB-6A20-4F32-A66A-D24450872E19}.Release|Any CPU.ActiveCfg = Release|Any CPU
		{8EA8B3CB-6A20-4F32-A66A-D24450872E19}.Release|Any CPU.Build.0 = Release|Any CPU
	EndGlobalSection
	GlobalSection(SolutionProperties) = preSolution
		HideSolutionNode = FALSE
	EndGlobalSection
EndGlobal
