
Microsoft Visual Studio Solution File, Format Version 12.00
# Visual Studio 2013
VisualStudioVersion = 12.0.30110.0
MinimumVisualStudioVersion = 10.0.40219.1
Project("{FAE04EC0-301F-11D3-BF4B-00C04F79EFBC}") = "Superscribe", "Superscribe\Superscribe.csproj", "{0882D762-CA4D-48A5-956E-2121DECE000E}"
EndProject
Project("{2150E333-8FDC-42A3-9474-1A3956D46DE8}") = "Testing", "Testing", "{CFBFB689-2965-4344-BE13-F73C3466E9C2}"
EndProject
Project("{2150E333-8FDC-42A3-9474-1A3956D46DE8}") = ".nuget", ".nuget", "{E5858B7A-A7C7-42E8-98B0-CF2E353EB1A6}"
	ProjectSection(SolutionItems) = preProject
		.nuget\NuGet.Config = .nuget\NuGet.Config
		.nuget\NuGet.exe = .nuget\NuGet.exe
		.nuget\NuGet.targets = .nuget\NuGet.targets
	EndProjectSection
EndProject
Project("{FAE04EC0-301F-11D3-BF4B-00C04F79EFBC}") = "Superscribe.Tests.Unit", "Superscribe.Tests.Unit\Superscribe.Tests.Unit.csproj", "{64CF0BA2-55F6-48BB-82E0-B17A6FBC5D94}"
EndProject
Global
	GlobalSection(SolutionConfigurationPlatforms) = preSolution
		Debug|Any CPU = Debug|Any CPU
		Release|Any CPU = Release|Any CPU
	EndGlobalSection
	GlobalSection(ProjectConfigurationPlatforms) = postSolution
		{0882D762-CA4D-48A5-956E-2121DECE000E}.Debug|Any CPU.ActiveCfg = Debug|Any CPU
		{0882D762-CA4D-48A5-956E-2121DECE000E}.Debug|Any CPU.Build.0 = Debug|Any CPU
		{0882D762-CA4D-48A5-956E-2121DECE000E}.Release|Any CPU.ActiveCfg = Release|Any CPU
		{0882D762-CA4D-48A5-956E-2121DECE000E}.Release|Any CPU.Build.0 = Release|Any CPU
		{64CF0BA2-55F6-48BB-82E0-B17A6FBC5D94}.Debug|Any CPU.ActiveCfg = Debug|Any CPU
		{64CF0BA2-55F6-48BB-82E0-B17A6FBC5D94}.Debug|Any CPU.Build.0 = Debug|Any CPU
		{64CF0BA2-55F6-48BB-82E0-B17A6FBC5D94}.Release|Any CPU.ActiveCfg = Release|Any CPU
		{64CF0BA2-55F6-48BB-82E0-B17A6FBC5D94}.Release|Any CPU.Build.0 = Release|Any CPU
	EndGlobalSection
	GlobalSection(SolutionProperties) = preSolution
		HideSolutionNode = FALSE
	EndGlobalSection
	GlobalSection(NestedProjects) = preSolution
		{64CF0BA2-55F6-48BB-82E0-B17A6FBC5D94} = {CFBFB689-2965-4344-BE13-F73C3466E9C2}
	EndGlobalSection
EndGlobal
